// !$*UTF8*$!
{
	archiveVersion = 1;
	classes = {
	};
	objectVersion = 55;
	objects = {

/* Begin PBXBuildFile section */
		CE70C11428B3BEEF00451A6B /* TUITestApp.swift in Sources */ = {isa = PBXBuildFile; fileRef = CE70C11328B3BEEF00451A6B /* TUITestApp.swift */; };
		CE70C11828B3BEF000451A6B /* Assets.xcassets in Resources */ = {isa = PBXBuildFile; fileRef = CE70C11728B3BEF000451A6B /* Assets.xcassets */; };
		CE70C11B28B3BEF000451A6B /* Preview Assets.xcassets in Resources */ = {isa = PBXBuildFile; fileRef = CE70C11A28B3BEF000451A6B /* Preview Assets.xcassets */; };
		CE70C13F28B3C0C700451A6B /* Network.swift in Sources */ = {isa = PBXBuildFile; fileRef = CE70C13E28B3C0C700451A6B /* Network.swift */; };
		CE70C14228B3C17900451A6B /* Request.swift in Sources */ = {isa = PBXBuildFile; fileRef = CE70C14128B3C17900451A6B /* Request.swift */; };
		CE70C14428B3C2AF00451A6B /* APIError.swift in Sources */ = {isa = PBXBuildFile; fileRef = CE70C14328B3C2AF00451A6B /* APIError.swift */; };
		CE70C14828B3C4E700451A6B /* JSONDecoder+Publisher.swift in Sources */ = {isa = PBXBuildFile; fileRef = CE70C14728B3C4E700451A6B /* JSONDecoder+Publisher.swift */; };
		CE70C14A28B3C5C500451A6B /* NetworkManagerMock.swift in Sources */ = {isa = PBXBuildFile; fileRef = CE70C14928B3C5C500451A6B /* NetworkManagerMock.swift */; };
		CE70C15128B3CC7700451A6B /* ConnectionResponse.swift in Sources */ = {isa = PBXBuildFile; fileRef = CE70C15028B3CC7700451A6B /* ConnectionResponse.swift */; };
		CE70C15328B3CF1A00451A6B /* City.swift in Sources */ = {isa = PBXBuildFile; fileRef = CE70C15228B3CF1A00451A6B /* City.swift */; };
		CE70C15528B3CF6A00451A6B /* Coordinates.swift in Sources */ = {isa = PBXBuildFile; fileRef = CE70C15428B3CF6A00451A6B /* Coordinates.swift */; };
		CE70C15728B3CF7C00451A6B /* Route.swift in Sources */ = {isa = PBXBuildFile; fileRef = CE70C15628B3CF7C00451A6B /* Route.swift */; };
		CE70C17028B3D26600451A6B /* NetworkTests.swift in Sources */ = {isa = PBXBuildFile; fileRef = CE70C16F28B3D26600451A6B /* NetworkTests.swift */; };
		CE70C17728B3E15900451A6B /* TestData.swift in Sources */ = {isa = PBXBuildFile; fileRef = CE70C17628B3E15900451A6B /* TestData.swift */; };
		CE70C17A28B3E22900451A6B /* RoutesExtractTests.swift in Sources */ = {isa = PBXBuildFile; fileRef = CE70C17928B3E22900451A6B /* RoutesExtractTests.swift */; };
		CEC2B4D828B4C45F00C70A17 /* RouteFinder.swift in Sources */ = {isa = PBXBuildFile; fileRef = CEC2B4D728B4C45F00C70A17 /* RouteFinder.swift */; };
		CEC2B4DA28B4C53800C70A17 /* FindRouteTests.swift in Sources */ = {isa = PBXBuildFile; fileRef = CEC2B4D928B4C53800C70A17 /* FindRouteTests.swift */; };
		CEC2B4DD28B4D3DA00C70A17 /* Vertex.swift in Sources */ = {isa = PBXBuildFile; fileRef = CEC2B4DC28B4D3DA00C70A17 /* Vertex.swift */; };
		CEC2B4DF28B4D4E700C70A17 /* Edge.swift in Sources */ = {isa = PBXBuildFile; fileRef = CEC2B4DE28B4D4E700C70A17 /* Edge.swift */; };
		CEC2B4E128B4D5F900C70A17 /* Graph.swift in Sources */ = {isa = PBXBuildFile; fileRef = CEC2B4E028B4D5F900C70A17 /* Graph.swift */; };
		CEC2B4E428B4DEAD00C70A17 /* PriorityQueue.swift in Sources */ = {isa = PBXBuildFile; fileRef = CEC2B4E328B4DEAD00C70A17 /* PriorityQueue.swift */; };
		CEC2B4E628B4E1D800C70A17 /* Destination.swift in Sources */ = {isa = PBXBuildFile; fileRef = CEC2B4E528B4E1D800C70A17 /* Destination.swift */; };
		CEC2B4E828B4E2EE00C70A17 /* Dijkstra.swift in Sources */ = {isa = PBXBuildFile; fileRef = CEC2B4E728B4E2EE00C70A17 /* Dijkstra.swift */; };
		CEC2B4EC28B4ED1800C70A17 /* SearchRouteViewModel.swift in Sources */ = {isa = PBXBuildFile; fileRef = CEC2B4EB28B4ED1800C70A17 /* SearchRouteViewModel.swift */; };
		CED0C3E628B4FA14003457CC /* SearchRouteView.swift in Sources */ = {isa = PBXBuildFile; fileRef = CED0C3E528B4FA14003457CC /* SearchRouteView.swift */; };
		CED0C3E928B502A8003457CC /* SelectCityView.swift in Sources */ = {isa = PBXBuildFile; fileRef = CED0C3E828B502A8003457CC /* SelectCityView.swift */; };
		CED0C3ED28B51FBD003457CC /* SelectCityViewModel.swift in Sources */ = {isa = PBXBuildFile; fileRef = CED0C3EC28B51FBD003457CC /* SelectCityViewModel.swift */; };
		CED0C3EF28B546EB003457CC /* MapView.swift in Sources */ = {isa = PBXBuildFile; fileRef = CED0C3EE28B546EB003457CC /* MapView.swift */; };
/* End PBXBuildFile section */

/* Begin PBXContainerItemProxy section */
		CE70C17128B3D26600451A6B /* PBXContainerItemProxy */ = {
			isa = PBXContainerItemProxy;
			containerPortal = CE70C10828B3BEEF00451A6B /* Project object */;
			proxyType = 1;
			remoteGlobalIDString = CE70C10F28B3BEEF00451A6B;
			remoteInfo = TUITest;
		};
/* End PBXContainerItemProxy section */

/* Begin PBXFileReference section */
		CE70C11028B3BEEF00451A6B /* TUITest.app */ = {isa = PBXFileReference; explicitFileType = wrapper.application; includeInIndex = 0; path = TUITest.app; sourceTree = BUILT_PRODUCTS_DIR; };
		CE70C11328B3BEEF00451A6B /* TUITestApp.swift */ = {isa = PBXFileReference; lastKnownFileType = sourcecode.swift; path = TUITestApp.swift; sourceTree = "<group>"; };
		CE70C11728B3BEF000451A6B /* Assets.xcassets */ = {isa = PBXFileReference; lastKnownFileType = folder.assetcatalog; path = Assets.xcassets; sourceTree = "<group>"; };
		CE70C11A28B3BEF000451A6B /* Preview Assets.xcassets */ = {isa = PBXFileReference; lastKnownFileType = folder.assetcatalog; path = "Preview Assets.xcassets"; sourceTree = "<group>"; };
		CE70C13E28B3C0C700451A6B /* Network.swift */ = {isa = PBXFileReference; lastKnownFileType = sourcecode.swift; path = Network.swift; sourceTree = "<group>"; };
		CE70C14128B3C17900451A6B /* Request.swift */ = {isa = PBXFileReference; lastKnownFileType = sourcecode.swift; path = Request.swift; sourceTree = "<group>"; };
		CE70C14328B3C2AF00451A6B /* APIError.swift */ = {isa = PBXFileReference; lastKnownFileType = sourcecode.swift; path = APIError.swift; sourceTree = "<group>"; };
		CE70C14728B3C4E700451A6B /* JSONDecoder+Publisher.swift */ = {isa = PBXFileReference; lastKnownFileType = sourcecode.swift; path = "JSONDecoder+Publisher.swift"; sourceTree = "<group>"; };
		CE70C14928B3C5C500451A6B /* NetworkManagerMock.swift */ = {isa = PBXFileReference; lastKnownFileType = sourcecode.swift; path = NetworkManagerMock.swift; sourceTree = "<group>"; };
		CE70C15028B3CC7700451A6B /* ConnectionResponse.swift */ = {isa = PBXFileReference; lastKnownFileType = sourcecode.swift; path = ConnectionResponse.swift; sourceTree = "<group>"; };
		CE70C15228B3CF1A00451A6B /* City.swift */ = {isa = PBXFileReference; lastKnownFileType = sourcecode.swift; path = City.swift; sourceTree = "<group>"; };
		CE70C15428B3CF6A00451A6B /* Coordinates.swift */ = {isa = PBXFileReference; lastKnownFileType = sourcecode.swift; path = Coordinates.swift; sourceTree = "<group>"; };
		CE70C15628B3CF7C00451A6B /* Route.swift */ = {isa = PBXFileReference; lastKnownFileType = sourcecode.swift; path = Route.swift; sourceTree = "<group>"; };
		CE70C16D28B3D26600451A6B /* TUITestTests.xctest */ = {isa = PBXFileReference; explicitFileType = wrapper.cfbundle; includeInIndex = 0; path = TUITestTests.xctest; sourceTree = BUILT_PRODUCTS_DIR; };
		CE70C16F28B3D26600451A6B /* NetworkTests.swift */ = {isa = PBXFileReference; lastKnownFileType = sourcecode.swift; path = NetworkTests.swift; sourceTree = "<group>"; };
		CE70C17628B3E15900451A6B /* TestData.swift */ = {isa = PBXFileReference; lastKnownFileType = sourcecode.swift; path = TestData.swift; sourceTree = "<group>"; };
		CE70C17928B3E22900451A6B /* RoutesExtractTests.swift */ = {isa = PBXFileReference; lastKnownFileType = sourcecode.swift; path = RoutesExtractTests.swift; sourceTree = "<group>"; };
		CEC2B4D728B4C45F00C70A17 /* RouteFinder.swift */ = {isa = PBXFileReference; lastKnownFileType = sourcecode.swift; path = RouteFinder.swift; sourceTree = "<group>"; };
		CEC2B4D928B4C53800C70A17 /* FindRouteTests.swift */ = {isa = PBXFileReference; lastKnownFileType = sourcecode.swift; path = FindRouteTests.swift; sourceTree = "<group>"; };
		CEC2B4DC28B4D3DA00C70A17 /* Vertex.swift */ = {isa = PBXFileReference; lastKnownFileType = sourcecode.swift; path = Vertex.swift; sourceTree = "<group>"; };
		CEC2B4DE28B4D4E700C70A17 /* Edge.swift */ = {isa = PBXFileReference; lastKnownFileType = sourcecode.swift; path = Edge.swift; sourceTree = "<group>"; };
		CEC2B4E028B4D5F900C70A17 /* Graph.swift */ = {isa = PBXFileReference; lastKnownFileType = sourcecode.swift; path = Graph.swift; sourceTree = "<group>"; };
		CEC2B4E328B4DEAD00C70A17 /* PriorityQueue.swift */ = {isa = PBXFileReference; lastKnownFileType = sourcecode.swift; path = PriorityQueue.swift; sourceTree = "<group>"; };
		CEC2B4E528B4E1D800C70A17 /* Destination.swift */ = {isa = PBXFileReference; lastKnownFileType = sourcecode.swift; path = Destination.swift; sourceTree = "<group>"; };
		CEC2B4E728B4E2EE00C70A17 /* Dijkstra.swift */ = {isa = PBXFileReference; lastKnownFileType = sourcecode.swift; path = Dijkstra.swift; sourceTree = "<group>"; };
		CEC2B4EB28B4ED1800C70A17 /* SearchRouteViewModel.swift */ = {isa = PBXFileReference; lastKnownFileType = sourcecode.swift; path = SearchRouteViewModel.swift; sourceTree = "<group>"; };
		CED0C3E528B4FA14003457CC /* SearchRouteView.swift */ = {isa = PBXFileReference; lastKnownFileType = sourcecode.swift; path = SearchRouteView.swift; sourceTree = "<group>"; };
		CED0C3E828B502A8003457CC /* SelectCityView.swift */ = {isa = PBXFileReference; lastKnownFileType = sourcecode.swift; path = SelectCityView.swift; sourceTree = "<group>"; };
		CED0C3EC28B51FBD003457CC /* SelectCityViewModel.swift */ = {isa = PBXFileReference; lastKnownFileType = sourcecode.swift; path = SelectCityViewModel.swift; sourceTree = "<group>"; };
		CED0C3EE28B546EB003457CC /* MapView.swift */ = {isa = PBXFileReference; lastKnownFileType = sourcecode.swift; path = MapView.swift; sourceTree = "<group>"; };
/* End PBXFileReference section */

/* Begin PBXFrameworksBuildPhase section */
		CE70C10D28B3BEEF00451A6B /* Frameworks */ = {
			isa = PBXFrameworksBuildPhase;
			buildActionMask = 2147483647;
			files = (
			);
			runOnlyForDeploymentPostprocessing = 0;
		};
		CE70C16A28B3D26600451A6B /* Frameworks */ = {
			isa = PBXFrameworksBuildPhase;
			buildActionMask = 2147483647;
			files = (
			);
			runOnlyForDeploymentPostprocessing = 0;
		};
/* End PBXFrameworksBuildPhase section */

/* Begin PBXGroup section */
		CE70C10728B3BEEF00451A6B = {
			isa = PBXGroup;
			children = (
				CE70C11228B3BEEF00451A6B /* TUITest */,
				CE70C16E28B3D26600451A6B /* TUITestTests */,
				CE70C11128B3BEEF00451A6B /* Products */,
			);
			sourceTree = "<group>";
		};
		CE70C11128B3BEEF00451A6B /* Products */ = {
			isa = PBXGroup;
			children = (
				CE70C11028B3BEEF00451A6B /* TUITest.app */,
				CE70C16D28B3D26600451A6B /* TUITestTests.xctest */,
			);
			name = Products;
			sourceTree = "<group>";
		};
		CE70C11228B3BEEF00451A6B /* TUITest */ = {
			isa = PBXGroup;
			children = (
				CE70C11328B3BEEF00451A6B /* TUITestApp.swift */,
				CED0C3EA28B51F64003457CC /* UI */,
				CEC2B4D628B4C42F00C70A17 /* Cheapest Route */,
				CE70C14028B3C16900451A6B /* API */,
				CE70C14628B3C4D300451A6B /* Extensions */,
				CE70C11728B3BEF000451A6B /* Assets.xcassets */,
				CE70C11928B3BEF000451A6B /* Preview Content */,
			);
			path = TUITest;
			sourceTree = "<group>";
		};
		CE70C11928B3BEF000451A6B /* Preview Content */ = {
			isa = PBXGroup;
			children = (
				CE70C11A28B3BEF000451A6B /* Preview Assets.xcassets */,
			);
			path = "Preview Content";
			sourceTree = "<group>";
		};
		CE70C13D28B3BF3900451A6B /* NetworkManager */ = {
			isa = PBXGroup;
			children = (
				CE70C13E28B3C0C700451A6B /* Network.swift */,
				CE70C14928B3C5C500451A6B /* NetworkManagerMock.swift */,
			);
			path = NetworkManager;
			sourceTree = "<group>";
		};
		CE70C14028B3C16900451A6B /* API */ = {
			isa = PBXGroup;
			children = (
				CE70C13D28B3BF3900451A6B /* NetworkManager */,
				CE70C14E28B3CC1D00451A6B /* Models */,
			);
			path = API;
			sourceTree = "<group>";
		};
		CE70C14628B3C4D300451A6B /* Extensions */ = {
			isa = PBXGroup;
			children = (
				CE70C14728B3C4E700451A6B /* JSONDecoder+Publisher.swift */,
			);
			path = Extensions;
			sourceTree = "<group>";
		};
		CE70C14E28B3CC1D00451A6B /* Models */ = {
			isa = PBXGroup;
			children = (
				CE70C14128B3C17900451A6B /* Request.swift */,
				CE70C14328B3C2AF00451A6B /* APIError.swift */,
				CE70C14F28B3CC6A00451A6B /* Responses */,
			);
			path = Models;
			sourceTree = "<group>";
		};
		CE70C14F28B3CC6A00451A6B /* Responses */ = {
			isa = PBXGroup;
			children = (
				CE70C15028B3CC7700451A6B /* ConnectionResponse.swift */,
				CE70C15228B3CF1A00451A6B /* City.swift */,
				CE70C15628B3CF7C00451A6B /* Route.swift */,
				CE70C15428B3CF6A00451A6B /* Coordinates.swift */,
			);
			path = Responses;
			sourceTree = "<group>";
		};
		CE70C16E28B3D26600451A6B /* TUITestTests */ = {
			isa = PBXGroup;
			children = (
				CE70C16F28B3D26600451A6B /* NetworkTests.swift */,
				CE70C17928B3E22900451A6B /* RoutesExtractTests.swift */,
				CEC2B4D928B4C53800C70A17 /* FindRouteTests.swift */,
				CE70C17628B3E15900451A6B /* TestData.swift */,
			);
			path = TUITestTests;
			sourceTree = "<group>";
		};
		CEC2B4D628B4C42F00C70A17 /* Cheapest Route */ = {
			isa = PBXGroup;
			children = (
				CEC2B4D728B4C45F00C70A17 /* RouteFinder.swift */,
				CEC2B4DB28B4D3C600C70A17 /* Graph */,
				CEC2B4E228B4DE8D00C70A17 /* Dijkstra */,
			);
			path = "Cheapest Route";
			sourceTree = "<group>";
		};
		CEC2B4DB28B4D3C600C70A17 /* Graph */ = {
			isa = PBXGroup;
			children = (
				CEC2B4DC28B4D3DA00C70A17 /* Vertex.swift */,
				CEC2B4DE28B4D4E700C70A17 /* Edge.swift */,
				CEC2B4E028B4D5F900C70A17 /* Graph.swift */,
			);
			path = Graph;
			sourceTree = "<group>";
		};
		CEC2B4E228B4DE8D00C70A17 /* Dijkstra */ = {
			isa = PBXGroup;
			children = (
				CEC2B4E728B4E2EE00C70A17 /* Dijkstra.swift */,
				CEC2B4E328B4DEAD00C70A17 /* PriorityQueue.swift */,
				CEC2B4E528B4E1D800C70A17 /* Destination.swift */,
			);
			path = Dijkstra;
			sourceTree = "<group>";
		};
		CEC2B4EA28B4ECF700C70A17 /* Search Route */ = {
			isa = PBXGroup;
			children = (
				CED0C3E528B4FA14003457CC /* SearchRouteView.swift */,
				CEC2B4EB28B4ED1800C70A17 /* SearchRouteViewModel.swift */,
				CED0C3EE28B546EB003457CC /* MapView.swift */,
			);
			path = "Search Route";
			sourceTree = "<group>";
		};
		CED0C3EA28B51F64003457CC /* UI */ = {
			isa = PBXGroup;
			children = (
				CEC2B4EA28B4ECF700C70A17 /* Search Route */,
				CED0C3EB28B51F73003457CC /* Select City */,
			);
			path = UI;
			sourceTree = "<group>";
		};
		CED0C3EB28B51F73003457CC /* Select City */ = {
			isa = PBXGroup;
			children = (
				CED0C3E828B502A8003457CC /* SelectCityView.swift */,
				CED0C3EC28B51FBD003457CC /* SelectCityViewModel.swift */,
			);
			path = "Select City";
			sourceTree = "<group>";
		};
/* End PBXGroup section */

/* Begin PBXNativeTarget section */
		CE70C10F28B3BEEF00451A6B /* TUITest */ = {
			isa = PBXNativeTarget;
			buildConfigurationList = CE70C13428B3BEF000451A6B /* Build configuration list for PBXNativeTarget "TUITest" */;
			buildPhases = (
				CE70C10C28B3BEEF00451A6B /* Sources */,
				CE70C10D28B3BEEF00451A6B /* Frameworks */,
				CE70C10E28B3BEEF00451A6B /* Resources */,
			);
			buildRules = (
			);
			dependencies = (
			);
			name = TUITest;
			productName = TUITest;
			productReference = CE70C11028B3BEEF00451A6B /* TUITest.app */;
			productType = "com.apple.product-type.application";
		};
		CE70C16C28B3D26600451A6B /* TUITestTests */ = {
			isa = PBXNativeTarget;
			buildConfigurationList = CE70C17328B3D26600451A6B /* Build configuration list for PBXNativeTarget "TUITestTests" */;
			buildPhases = (
				CE70C16928B3D26600451A6B /* Sources */,
				CE70C16A28B3D26600451A6B /* Frameworks */,
				CE70C16B28B3D26600451A6B /* Resources */,
			);
			buildRules = (
			);
			dependencies = (
				CE70C17228B3D26600451A6B /* PBXTargetDependency */,
			);
			name = TUITestTests;
			productName = TUITestTests;
			productReference = CE70C16D28B3D26600451A6B /* TUITestTests.xctest */;
			productType = "com.apple.product-type.bundle.unit-test";
		};
/* End PBXNativeTarget section */

/* Begin PBXProject section */
		CE70C10828B3BEEF00451A6B /* Project object */ = {
			isa = PBXProject;
			attributes = {
				BuildIndependentTargetsInParallel = 1;
				LastSwiftUpdateCheck = 1340;
				LastUpgradeCheck = 1340;
				TargetAttributes = {
					CE70C10F28B3BEEF00451A6B = {
						CreatedOnToolsVersion = 13.4.1;
					};
					CE70C16C28B3D26600451A6B = {
						CreatedOnToolsVersion = 13.4.1;
						TestTargetID = CE70C10F28B3BEEF00451A6B;
					};
				};
			};
			buildConfigurationList = CE70C10B28B3BEEF00451A6B /* Build configuration list for PBXProject "TUITest" */;
			compatibilityVersion = "Xcode 13.0";
			developmentRegion = en;
			hasScannedForEncodings = 0;
			knownRegions = (
				en,
				Base,
			);
			mainGroup = CE70C10728B3BEEF00451A6B;
			productRefGroup = CE70C11128B3BEEF00451A6B /* Products */;
			projectDirPath = "";
			projectRoot = "";
			targets = (
				CE70C10F28B3BEEF00451A6B /* TUITest */,
				CE70C16C28B3D26600451A6B /* TUITestTests */,
			);
		};
/* End PBXProject section */

/* Begin PBXResourcesBuildPhase section */
		CE70C10E28B3BEEF00451A6B /* Resources */ = {
			isa = PBXResourcesBuildPhase;
			buildActionMask = 2147483647;
			files = (
				CE70C11B28B3BEF000451A6B /* Preview Assets.xcassets in Resources */,
				CE70C11828B3BEF000451A6B /* Assets.xcassets in Resources */,
			);
			runOnlyForDeploymentPostprocessing = 0;
		};
		CE70C16B28B3D26600451A6B /* Resources */ = {
			isa = PBXResourcesBuildPhase;
			buildActionMask = 2147483647;
			files = (
			);
			runOnlyForDeploymentPostprocessing = 0;
		};
/* End PBXResourcesBuildPhase section */

/* Begin PBXSourcesBuildPhase section */
		CE70C10C28B3BEEF00451A6B /* Sources */ = {
			isa = PBXSourcesBuildPhase;
			buildActionMask = 2147483647;
			files = (
				CE70C14A28B3C5C500451A6B /* NetworkManagerMock.swift in Sources */,
				CEC2B4DF28B4D4E700C70A17 /* Edge.swift in Sources */,
				CE70C15728B3CF7C00451A6B /* Route.swift in Sources */,
				CED0C3EF28B546EB003457CC /* MapView.swift in Sources */,
				CEC2B4D828B4C45F00C70A17 /* RouteFinder.swift in Sources */,
				CEC2B4E428B4DEAD00C70A17 /* PriorityQueue.swift in Sources */,
				CE70C15328B3CF1A00451A6B /* City.swift in Sources */,
				CEC2B4EC28B4ED1800C70A17 /* SearchRouteViewModel.swift in Sources */,
				CE70C15128B3CC7700451A6B /* ConnectionResponse.swift in Sources */,
				CED0C3ED28B51FBD003457CC /* SelectCityViewModel.swift in Sources */,
				CED0C3E928B502A8003457CC /* SelectCityView.swift in Sources */,
				CEC2B4E628B4E1D800C70A17 /* Destination.swift in Sources */,
				CE70C14228B3C17900451A6B /* Request.swift in Sources */,
				CEC2B4DD28B4D3DA00C70A17 /* Vertex.swift in Sources */,
				CEC2B4E128B4D5F900C70A17 /* Graph.swift in Sources */,
				CE70C11428B3BEEF00451A6B /* TUITestApp.swift in Sources */,
				CE70C14828B3C4E700451A6B /* JSONDecoder+Publisher.swift in Sources */,
				CE70C14428B3C2AF00451A6B /* APIError.swift in Sources */,
				CED0C3E628B4FA14003457CC /* SearchRouteView.swift in Sources */,
				CE70C13F28B3C0C700451A6B /* Network.swift in Sources */,
				CE70C15528B3CF6A00451A6B /* Coordinates.swift in Sources */,
				CEC2B4E828B4E2EE00C70A17 /* Dijkstra.swift in Sources */,
			);
			runOnlyForDeploymentPostprocessing = 0;
		};
		CE70C16928B3D26600451A6B /* Sources */ = {
			isa = PBXSourcesBuildPhase;
			buildActionMask = 2147483647;
			files = (
				CE70C17028B3D26600451A6B /* NetworkTests.swift in Sources */,
				CE70C17A28B3E22900451A6B /* RoutesExtractTests.swift in Sources */,
				CEC2B4DA28B4C53800C70A17 /* FindRouteTests.swift in Sources */,
				CE70C17728B3E15900451A6B /* TestData.swift in Sources */,
			);
			runOnlyForDeploymentPostprocessing = 0;
		};
/* End PBXSourcesBuildPhase section */

/* Begin PBXTargetDependency section */
		CE70C17228B3D26600451A6B /* PBXTargetDependency */ = {
			isa = PBXTargetDependency;
			target = CE70C10F28B3BEEF00451A6B /* TUITest */;
			targetProxy = CE70C17128B3D26600451A6B /* PBXContainerItemProxy */;
		};
/* End PBXTargetDependency section */

/* Begin XCBuildConfiguration section */
		CE70C13228B3BEF000451A6B /* Debug */ = {
			isa = XCBuildConfiguration;
			buildSettings = {
				ALWAYS_SEARCH_USER_PATHS = NO;
				CLANG_ANALYZER_NONNULL = YES;
				CLANG_ANALYZER_NUMBER_OBJECT_CONVERSION = YES_AGGRESSIVE;
				CLANG_CXX_LANGUAGE_STANDARD = "gnu++17";
				CLANG_ENABLE_MODULES = YES;
				CLANG_ENABLE_OBJC_ARC = YES;
				CLANG_ENABLE_OBJC_WEAK = YES;
				CLANG_WARN_BLOCK_CAPTURE_AUTORELEASING = YES;
				CLANG_WARN_BOOL_CONVERSION = YES;
				CLANG_WARN_COMMA = YES;
				CLANG_WARN_CONSTANT_CONVERSION = YES;
				CLANG_WARN_DEPRECATED_OBJC_IMPLEMENTATIONS = YES;
				CLANG_WARN_DIRECT_OBJC_ISA_USAGE = YES_ERROR;
				CLANG_WARN_DOCUMENTATION_COMMENTS = YES;
				CLANG_WARN_EMPTY_BODY = YES;
				CLANG_WARN_ENUM_CONVERSION = YES;
				CLANG_WARN_INFINITE_RECURSION = YES;
				CLANG_WARN_INT_CONVERSION = YES;
				CLANG_WARN_NON_LITERAL_NULL_CONVERSION = YES;
				CLANG_WARN_OBJC_IMPLICIT_RETAIN_SELF = YES;
				CLANG_WARN_OBJC_LITERAL_CONVERSION = YES;
				CLANG_WARN_OBJC_ROOT_CLASS = YES_ERROR;
				CLANG_WARN_QUOTED_INCLUDE_IN_FRAMEWORK_HEADER = YES;
				CLANG_WARN_RANGE_LOOP_ANALYSIS = YES;
				CLANG_WARN_STRICT_PROTOTYPES = YES;
				CLANG_WARN_SUSPICIOUS_MOVE = YES;
				CLANG_WARN_UNGUARDED_AVAILABILITY = YES_AGGRESSIVE;
				CLANG_WARN_UNREACHABLE_CODE = YES;
				CLANG_WARN__DUPLICATE_METHOD_MATCH = YES;
				COPY_PHASE_STRIP = NO;
				DEBUG_INFORMATION_FORMAT = dwarf;
				DEFINES_MODULE = NO;
				ENABLE_STRICT_OBJC_MSGSEND = YES;
				ENABLE_TESTABILITY = YES;
				GCC_C_LANGUAGE_STANDARD = gnu11;
				GCC_DYNAMIC_NO_PIC = NO;
				GCC_NO_COMMON_BLOCKS = YES;
				GCC_OPTIMIZATION_LEVEL = 0;
				GCC_PREPROCESSOR_DEFINITIONS = (
					"DEBUG=1",
					"$(inherited)",
				);
				GCC_WARN_64_TO_32_BIT_CONVERSION = YES;
				GCC_WARN_ABOUT_RETURN_TYPE = YES_ERROR;
				GCC_WARN_UNDECLARED_SELECTOR = YES;
				GCC_WARN_UNINITIALIZED_AUTOS = YES_AGGRESSIVE;
				GCC_WARN_UNUSED_FUNCTION = YES;
				GCC_WARN_UNUSED_VARIABLE = YES;
				IPHONEOS_DEPLOYMENT_TARGET = 15.5;
				MTL_ENABLE_DEBUG_INFO = INCLUDE_SOURCE;
				MTL_FAST_MATH = YES;
				ONLY_ACTIVE_ARCH = YES;
				SDKROOT = iphoneos;
				SWIFT_ACTIVE_COMPILATION_CONDITIONS = DEBUG;
				SWIFT_OPTIMIZATION_LEVEL = "-Onone";
			};
			name = Debug;
		};
		CE70C13328B3BEF000451A6B /* Release */ = {
			isa = XCBuildConfiguration;
			buildSettings = {
				ALWAYS_SEARCH_USER_PATHS = NO;
				CLANG_ANALYZER_NONNULL = YES;
				CLANG_ANALYZER_NUMBER_OBJECT_CONVERSION = YES_AGGRESSIVE;
				CLANG_CXX_LANGUAGE_STANDARD = "gnu++17";
				CLANG_ENABLE_MODULES = YES;
				CLANG_ENABLE_OBJC_ARC = YES;
				CLANG_ENABLE_OBJC_WEAK = YES;
				CLANG_WARN_BLOCK_CAPTURE_AUTORELEASING = YES;
				CLANG_WARN_BOOL_CONVERSION = YES;
				CLANG_WARN_COMMA = YES;
				CLANG_WARN_CONSTANT_CONVERSION = YES;
				CLANG_WARN_DEPRECATED_OBJC_IMPLEMENTATIONS = YES;
				CLANG_WARN_DIRECT_OBJC_ISA_USAGE = YES_ERROR;
				CLANG_WARN_DOCUMENTATION_COMMENTS = YES;
				CLANG_WARN_EMPTY_BODY = YES;
				CLANG_WARN_ENUM_CONVERSION = YES;
				CLANG_WARN_INFINITE_RECURSION = YES;
				CLANG_WARN_INT_CONVERSION = YES;
				CLANG_WARN_NON_LITERAL_NULL_CONVERSION = YES;
				CLANG_WARN_OBJC_IMPLICIT_RETAIN_SELF = YES;
				CLANG_WARN_OBJC_LITERAL_CONVERSION = YES;
				CLANG_WARN_OBJC_ROOT_CLASS = YES_ERROR;
				CLANG_WARN_QUOTED_INCLUDE_IN_FRAMEWORK_HEADER = YES;
				CLANG_WARN_RANGE_LOOP_ANALYSIS = YES;
				CLANG_WARN_STRICT_PROTOTYPES = YES;
				CLANG_WARN_SUSPICIOUS_MOVE = YES;
				CLANG_WARN_UNGUARDED_AVAILABILITY = YES_AGGRESSIVE;
				CLANG_WARN_UNREACHABLE_CODE = YES;
				CLANG_WARN__DUPLICATE_METHOD_MATCH = YES;
				COPY_PHASE_STRIP = NO;
				DEBUG_INFORMATION_FORMAT = "dwarf-with-dsym";
				DEFINES_MODULE = NO;
				ENABLE_NS_ASSERTIONS = NO;
				ENABLE_STRICT_OBJC_MSGSEND = YES;
				GCC_C_LANGUAGE_STANDARD = gnu11;
				GCC_NO_COMMON_BLOCKS = YES;
				GCC_WARN_64_TO_32_BIT_CONVERSION = YES;
				GCC_WARN_ABOUT_RETURN_TYPE = YES_ERROR;
				GCC_WARN_UNDECLARED_SELECTOR = YES;
				GCC_WARN_UNINITIALIZED_AUTOS = YES_AGGRESSIVE;
				GCC_WARN_UNUSED_FUNCTION = YES;
				GCC_WARN_UNUSED_VARIABLE = YES;
				IPHONEOS_DEPLOYMENT_TARGET = 15.5;
				MTL_ENABLE_DEBUG_INFO = NO;
				MTL_FAST_MATH = YES;
				SDKROOT = iphoneos;
				SWIFT_COMPILATION_MODE = wholemodule;
				SWIFT_OPTIMIZATION_LEVEL = "-O";
				VALIDATE_PRODUCT = YES;
			};
			name = Release;
		};
		CE70C13528B3BEF000451A6B /* Debug */ = {
			isa = XCBuildConfiguration;
			buildSettings = {
				ASSETCATALOG_COMPILER_APPICON_NAME = AppIcon;
				ASSETCATALOG_COMPILER_GLOBAL_ACCENT_COLOR_NAME = AccentColor;
				CODE_SIGN_STYLE = Automatic;
				CURRENT_PROJECT_VERSION = 1;
				DEVELOPMENT_ASSET_PATHS = "\"TUITest/Preview Content\"";
				DEVELOPMENT_TEAM = FBFE6N5K5V;
				ENABLE_PREVIEWS = YES;
				GENERATE_INFOPLIST_FILE = YES;
				INFOPLIST_KEY_UIApplicationSceneManifest_Generation = YES;
				INFOPLIST_KEY_UIApplicationSupportsIndirectInputEvents = YES;
				INFOPLIST_KEY_UILaunchScreen_Generation = YES;
				INFOPLIST_KEY_UISupportedInterfaceOrientations = UIInterfaceOrientationPortrait;
				INFOPLIST_KEY_UISupportedInterfaceOrientations_iPad = "UIInterfaceOrientationPortrait UIInterfaceOrientationPortraitUpsideDown UIInterfaceOrientationLandscapeLeft UIInterfaceOrientationLandscapeRight";
				INFOPLIST_KEY_UISupportedInterfaceOrientations_iPhone = UIInterfaceOrientationPortrait;
				LD_RUNPATH_SEARCH_PATHS = (
					"$(inherited)",
					"@executable_path/Frameworks",
				);
				MARKETING_VERSION = 1.0;
				PRODUCT_BUNDLE_IDENTIFIER = com.dareniar.TUITest;
				PRODUCT_NAME = "$(TARGET_NAME)";
				SWIFT_EMIT_LOC_STRINGS = YES;
				SWIFT_VERSION = 5.0;
				TARGETED_DEVICE_FAMILY = "1,2";
			};
			name = Debug;
		};
		CE70C13628B3BEF000451A6B /* Release */ = {
			isa = XCBuildConfiguration;
			buildSettings = {
				ASSETCATALOG_COMPILER_APPICON_NAME = AppIcon;
				ASSETCATALOG_COMPILER_GLOBAL_ACCENT_COLOR_NAME = AccentColor;
				CODE_SIGN_STYLE = Automatic;
				CURRENT_PROJECT_VERSION = 1;
				DEVELOPMENT_ASSET_PATHS = "\"TUITest/Preview Content\"";
				DEVELOPMENT_TEAM = FBFE6N5K5V;
				ENABLE_PREVIEWS = YES;
				GENERATE_INFOPLIST_FILE = YES;
				INFOPLIST_KEY_UIApplicationSceneManifest_Generation = YES;
				INFOPLIST_KEY_UIApplicationSupportsIndirectInputEvents = YES;
				INFOPLIST_KEY_UILaunchScreen_Generation = YES;
				INFOPLIST_KEY_UISupportedInterfaceOrientations = UIInterfaceOrientationPortrait;
				INFOPLIST_KEY_UISupportedInterfaceOrientations_iPad = "UIInterfaceOrientationPortrait UIInterfaceOrientationPortraitUpsideDown UIInterfaceOrientationLandscapeLeft UIInterfaceOrientationLandscapeRight";
				INFOPLIST_KEY_UISupportedInterfaceOrientations_iPhone = UIInterfaceOrientationPortrait;
				LD_RUNPATH_SEARCH_PATHS = (
					"$(inherited)",
					"@executable_path/Frameworks",
				);
				MARKETING_VERSION = 1.0;
				PRODUCT_BUNDLE_IDENTIFIER = com.dareniar.TUITest;
				PRODUCT_NAME = "$(TARGET_NAME)";
				SWIFT_EMIT_LOC_STRINGS = YES;
				SWIFT_VERSION = 5.0;
				TARGETED_DEVICE_FAMILY = "1,2";
			};
			name = Release;
		};
		CE70C17428B3D26600451A6B /* Debug */ = {
			isa = XCBuildConfiguration;
			buildSettings = {
				BUNDLE_LOADER = "$(TEST_HOST)";
				CODE_SIGN_STYLE = Automatic;
				CURRENT_PROJECT_VERSION = 1;
				DEVELOPMENT_TEAM = FBFE6N5K5V;
				GENERATE_INFOPLIST_FILE = YES;
				MARKETING_VERSION = 1.0;
				PRODUCT_BUNDLE_IDENTIFIER = com.dareniar.TUITestTests;
				PRODUCT_NAME = "$(TARGET_NAME)";
				SWIFT_EMIT_LOC_STRINGS = NO;
				SWIFT_VERSION = 5.0;
				TARGETED_DEVICE_FAMILY = "1,2";
				TEST_HOST = "$(BUILT_PRODUCTS_DIR)/TUITest.app/TUITest";
			};
			name = Debug;
		};
		CE70C17528B3D26600451A6B /* Release */ = {
			isa = XCBuildConfiguration;
			buildSettings = {
				BUNDLE_LOADER = "$(TEST_HOST)";
				CODE_SIGN_STYLE = Automatic;
				CURRENT_PROJECT_VERSION = 1;
				DEVELOPMENT_TEAM = FBFE6N5K5V;
				GENERATE_INFOPLIST_FILE = YES;
				MARKETING_VERSION = 1.0;
				PRODUCT_BUNDLE_IDENTIFIER = com.dareniar.TUITestTests;
				PRODUCT_NAME = "$(TARGET_NAME)";
				SWIFT_EMIT_LOC_STRINGS = NO;
				SWIFT_VERSION = 5.0;
				TARGETED_DEVICE_FAMILY = "1,2";
				TEST_HOST = "$(BUILT_PRODUCTS_DIR)/TUITest.app/TUITest";
			};
			name = Release;
		};
/* End XCBuildConfiguration section */

/* Begin XCConfigurationList section */
		CE70C10B28B3BEEF00451A6B /* Build configuration list for PBXProject "TUITest" */ = {
			isa = XCConfigurationList;
			buildConfigurations = (
				CE70C13228B3BEF000451A6B /* Debug */,
				CE70C13328B3BEF000451A6B /* Release */,
			);
			defaultConfigurationIsVisible = 0;
			defaultConfigurationName = Release;
		};
		CE70C13428B3BEF000451A6B /* Build configuration list for PBXNativeTarget "TUITest" */ = {
			isa = XCConfigurationList;
			buildConfigurations = (
				CE70C13528B3BEF000451A6B /* Debug */,
				CE70C13628B3BEF000451A6B /* Release */,
			);
			defaultConfigurationIsVisible = 0;
			defaultConfigurationName = Release;
		};
		CE70C17328B3D26600451A6B /* Build configuration list for PBXNativeTarget "TUITestTests" */ = {
			isa = XCConfigurationList;
			buildConfigurations = (
				CE70C17428B3D26600451A6B /* Debug */,
				CE70C17528B3D26600451A6B /* Release */,
			);
			defaultConfigurationIsVisible = 0;
			defaultConfigurationName = Release;
		};
/* End XCConfigurationList section */
	};
	rootObject = CE70C10828B3BEEF00451A6B /* Project object */;
}
